<?xml version="1.0" encoding="utf-8"?>
<Project ToolsVersion="4.0" xmlns="http://schemas.microsoft.com/developer/msbuild/2003">
  <ItemGroup>
    <Filter Include="源文件">
      <UniqueIdentifier>{4FC737F1-C7A5-4376-A066-2A32D752A2FF}</UniqueIdentifier>
      <Extensions>cpp;c;cc;cxx;def;odl;idl;hpj;bat;asm;asmx</Extensions>
    </Filter>
    <Filter Include="头文件">
      <UniqueIdentifier>{93995380-89BD-4b04-88EB-625FBE52EBFB}</UniqueIdentifier>
      <Extensions>h;hh;hpp;hxx;hm;inl;inc;ipp;xsd</Extensions>
    </Filter>
    <Filter Include="资源文件">
      <UniqueIdentifier>{67DA6AB6-F800-4c08-8B7A-83BB121AAD01}</UniqueIdentifier>
      <Extensions>rc;ico;cur;bmp;dlg;rc2;rct;bin;rgs;gif;jpg;jpeg;jpe;resx;tiff;tif;png;wav;mfcribbon-ms</Extensions>
    </Filter>
    <Filter Include="HLSL">
      <UniqueIdentifier>{e48c807a-949f-4dde-8470-5e612b2a15d0}</UniqueIdentifier>
    </Filter>
    <Filter Include="Effect">
      <UniqueIdentifier>{91c1bef6-9714-4440-bb35-04321b31a269}</UniqueIdentifier>
    </Filter>
    <Filter Include="Imgui">
      <UniqueIdentifier>{ecdb2e59-bd13-4e65-b483-2b78b8350cd0}</UniqueIdentifier>
    </Filter>
    <Filter Include="Tools">
      <UniqueIdentifier>{033a9d8d-9c87-4fe6-846e-23da1687572a}</UniqueIdentifier>
    </Filter>
    <Filter Include="MouseAndKeyboard">
      <UniqueIdentifier>{bbaad170-9d96-4299-86a5-a6e8e9654af5}</UniqueIdentifier>
    </Filter>
    <Filter Include="Actor">
      <UniqueIdentifier>{82dcd6b5-954d-43f6-b067-31eaa5432e2c}</UniqueIdentifier>
    </Filter>
    <Filter Include="3rdParty">
      <UniqueIdentifier>{767e1620-1df0-4d90-b03b-7c46f9671d59}</UniqueIdentifier>
    </Filter>
    <Filter Include="3rdParty\rapidjson">
      <UniqueIdentifier>{396898a0-93c9-4407-b678-b2214f6aa3b4}</UniqueIdentifier>
    </Filter>
    <Filter Include="Scene">
      <UniqueIdentifier>{5a57e16c-e487-4426-ae75-2295d238524a}</UniqueIdentifier>
    </Filter>
  </ItemGroup>
  <ItemGroup>
    <ClInclude Include="IMGui\imconfig.h">
      <Filter>Imgui</Filter>
    </ClInclude>
    <ClInclude Include="IMGui\imgui.h">
      <Filter>Imgui</Filter>
    </ClInclude>
    <ClInclude Include="IMGui\imgui_internal.h">
      <Filter>Imgui</Filter>
    </ClInclude>
    <ClInclude Include="IMGui\imstb_rectpack.h">
      <Filter>Imgui</Filter>
    </ClInclude>
    <ClInclude Include="IMGui\imstb_textedit.h">
      <Filter>Imgui</Filter>
    </ClInclude>
    <ClInclude Include="IMGui\imstb_truetype.h">
      <Filter>Imgui</Filter>
    </ClInclude>
    <ClInclude Include="IMGui\imgui_impl_dx11.h">
      <Filter>Imgui</Filter>
    </ClInclude>
    <ClInclude Include="IMGui\imgui_impl_win32.h">
      <Filter>Imgui</Filter>
    </ClInclude>
    <ClInclude Include="d3dApp.h">
      <Filter>头文件</Filter>
    </ClInclude>
    <ClInclude Include="GameTimer.h">
      <Filter>头文件</Filter>
    </ClInclude>
    <ClInclude Include="GameApp.h">
      <Filter>头文件</Filter>
    </ClInclude>
    <ClInclude Include="Geometry.h">
      <Filter>头文件</Filter>
    </ClInclude>
    <ClInclude Include="Vertex.h">
      <Filter>头文件</Filter>
    </ClInclude>
    <ClInclude Include="Camera.h">
      <Filter>头文件</Filter>
    </ClInclude>
    <ClInclude Include="RenderStates.h">
      <Filter>头文件</Filter>
    </ClInclude>
    <ClInclude Include="CBuffer.h">
      <Filter>头文件</Filter>
    </ClInclude>
    <ClInclude Include="TextureRender.h">
      <Filter>头文件</Filter>
    </ClInclude>
    <ClInclude Include="IEffect.h">
      <Filter>Effect</Filter>
    </ClInclude>
    <ClInclude Include="BasicEffect.h">
      <Filter>Effect</Filter>
    </ClInclude>
    <ClInclude Include="PostEffect.h">
      <Filter>Effect</Filter>
    </ClInclude>
    <ClInclude Include="Collision.h">
      <Filter>头文件</Filter>
    </ClInclude>
    <ClInclude Include="WICTextureLoader.h">
      <Filter>Tools</Filter>
    </ClInclude>
    <ClInclude Include="DDSTextureLoader.h">
      <Filter>Tools</Filter>
    </ClInclude>
    <ClInclude Include="d3dUtil.h">
      <Filter>Tools</Filter>
    </ClInclude>
    <ClInclude Include="DXTrace.h">
      <Filter>Tools</Filter>
    </ClInclude>
    <ClInclude Include="WireEffect.h">
      <Filter>Effect</Filter>
    </ClInclude>
    <ClInclude Include="Keyboard.h">
      <Filter>MouseAndKeyboard</Filter>
    </ClInclude>
    <ClInclude Include="Mouse.h">
      <Filter>MouseAndKeyboard</Filter>
    </ClInclude>
    <ClInclude Include="Component.h">
      <Filter>Actor</Filter>
    </ClInclude>
    <ClInclude Include="GameObejct.h">
      <Filter>Actor</Filter>
    </ClInclude>
    <ClInclude Include="ModelComponent.h">
      <Filter>Actor</Filter>
    </ClInclude>
    <ClInclude Include="BasicTextureComponent.h">
      <Filter>Actor</Filter>
    </ClInclude>
    <ClInclude Include="Scene.h">
      <Filter>Scene</Filter>
    </ClInclude>
    <ClInclude Include="ActorFactory.h">
      <Filter>Actor</Filter>
    </ClInclude>
  </ItemGroup>
  <ItemGroup>
    <ClCompile Include="FinalTest.cpp">
      <Filter>源文件</Filter>
    </ClCompile>
    <ClCompile Include="IMGui\imgui.cpp">
      <Filter>Imgui</Filter>
    </ClCompile>
    <ClCompile Include="IMGui\imgui_demo.cpp">
      <Filter>Imgui</Filter>
    </ClCompile>
    <ClCompile Include="IMGui\imgui_draw.cpp">
      <Filter>Imgui</Filter>
    </ClCompile>
    <ClCompile Include="IMGui\imgui_widgets.cpp">
      <Filter>Imgui</Filter>
    </ClCompile>
    <ClCompile Include="IMGui\imgui_impl_dx11.cpp">
      <Filter>Imgui</Filter>
    </ClCompile>
    <ClCompile Include="IMGui\imgui_impl_win32.cpp">
      <Filter>Imgui</Filter>
    </ClCompile>
    <ClCompile Include="d3dApp.cpp">
      <Filter>源文件</Filter>
    </ClCompile>
    <ClCompile Include="GameTimer.cpp">
      <Filter>源文件</Filter>
    </ClCompile>
    <ClCompile Include="GameApp.cpp">
      <Filter>源文件</Filter>
    </ClCompile>
    <ClCompile Include="Geometry.cpp">
      <Filter>源文件</Filter>
    </ClCompile>
    <ClCompile Include="Vertex.cpp">
      <Filter>源文件</Filter>
    </ClCompile>
    <ClCompile Include="Camera.cpp">
      <Filter>源文件</Filter>
    </ClCompile>
    <ClCompile Include="RenderStates.cpp">
      <Filter>源文件</Filter>
    </ClCompile>
    <ClCompile Include="CBuffer.cpp">
      <Filter>源文件</Filter>
    </ClCompile>
    <ClCompile Include="TextureRender.cpp">
      <Filter>源文件</Filter>
    </ClCompile>
    <ClCompile Include="BasicEffect.cpp">
      <Filter>Effect</Filter>
    </ClCompile>
    <ClCompile Include="PostEffect.cpp">
      <Filter>Effect</Filter>
    </ClCompile>
    <ClCompile Include="Collision.cpp">
      <Filter>源文件</Filter>
    </ClCompile>
    <ClCompile Include="WICTextureLoader.cpp">
      <Filter>Tools</Filter>
    </ClCompile>
    <ClCompile Include="DDSTextureLoader.cpp">
      <Filter>Tools</Filter>
    </ClCompile>
    <ClCompile Include="DXTrace.cpp">
      <Filter>Tools</Filter>
    </ClCompile>
    <ClCompile Include="d3dUtil.cpp">
      <Filter>Tools</Filter>
    </ClCompile>
    <ClCompile Include="WireEffect.cpp">
      <Filter>Effect</Filter>
    </ClCompile>
    <ClCompile Include="Mouse.cpp">
      <Filter>MouseAndKeyboard</Filter>
    </ClCompile>
    <ClCompile Include="Keyboard.cpp">
      <Filter>MouseAndKeyboard</Filter>
    </ClCompile>
    <ClCompile Include="GameObejct.cpp">
      <Filter>Actor</Filter>
    </ClCompile>
    <ClCompile Include="Component.cpp">
      <Filter>Actor</Filter>
    </ClCompile>
    <ClCompile Include="ModelComponent.cpp">
      <Filter>Actor</Filter>
    </ClCompile>
    <ClCompile Include="BasicTextureComponent.cpp">
      <Filter>Actor</Filter>
    </ClCompile>
    <ClCompile Include="Scene.cpp">
      <Filter>Scene</Filter>
    </ClCompile>
    <ClCompile Include="ActorFactory.cpp">
      <Filter>Actor</Filter>
    </ClCompile>
  </ItemGroup>
  <ItemGroup>
    <None Include="HLSL\Triangle.hlsli">
      <Filter>HLSL</Filter>
    </None>
    <None Include="HLSL\LightHelper.hlsli">
      <Filter>HLSL</Filter>
    </None>
    <None Include="HLSL\Post.hlsli">
      <Filter>HLSL</Filter>
    </None>
    <None Include="HLSL\WireFrame.hlsli">
      <Filter>HLSL</Filter>
    </None>
    <None Include="staticScene.json">
      <Filter>资源文件</Filter>
    </None>
  </ItemGroup>
  <ItemGroup>
    <FxCompile Include="HLSL\LightVS.hlsl">
      <Filter>HLSL</Filter>
    </FxCompile>
    <FxCompile Include="HLSL\LightPS.hlsl">
      <Filter>HLSL</Filter>
    </FxCompile>
    <FxCompile Include="HLSL\PostVS.hlsl">
      <Filter>HLSL</Filter>
    </FxCompile>
    <FxCompile Include="HLSL\PostPS.hlsl">
      <Filter>HLSL</Filter>
    </FxCompile>
    <FxCompile Include="HLSL\WireFrameVS.hlsl">
      <Filter>HLSL</Filter>
    </FxCompile>
    <FxCompile Include="HLSL\WireFramePS.hlsl">
      <Filter>HLSL</Filter>
    </FxCompile>
  </ItemGroup>
</Project>